
Microsoft Visual Studio Solution File, Format Version 10.00
# Visual Studio 2008
Project("{FAE04EC0-301F-11D3-BF4B-00C04F79EFBC}") = "Race.Domain", "Race.Domain\Race.Domain.csproj", "{04CEA84A-304D-4FC8-9110-3E771E4BEA45}"
EndProject
Project("{2150E333-8FDC-42A3-9474-1A3956D46DE8}") = "Binaries", "Binaries", "{65B1E724-0CDE-4063-BAB4-751E4DC11CF8}"
	ProjectSection(SolutionItems) = preProject
		Binaries\Moq.dll = Binaries\Moq.dll
		Binaries\Moq.xml = Binaries\Moq.xml
		Binaries\nunit.framework.dll = Binaries\nunit.framework.dll
	EndProjectSection
EndProject
Project("{FAE04EC0-301F-11D3-BF4B-00C04F79EFBC}") = "Race.Tests", "Race.Tests\Race.Tests.csproj", "{4D0BDFD2-58DA-46F9-8FF3-5DC2F37577DA}"
EndProject
Global
	GlobalSection(SolutionConfigurationPlatforms) = preSolution
		Debug|Any CPU = Debug|Any CPU
		Release|Any CPU = Release|Any CPU
	EndGlobalSection
	GlobalSection(ProjectConfigurationPlatforms) = postSolution
		{04CEA84A-304D-4FC8-9110-3E771E4BEA45}.Debug|Any CPU.ActiveCfg = Debug|Any CPU
		{04CEA84A-304D-4FC8-9110-3E771E4BEA45}.Debug|Any CPU.Build.0 = Debug|Any CPU
		{04CEA84A-304D-4FC8-9110-3E771E4BEA45}.Release|Any CPU.ActiveCfg = Release|Any CPU
		{04CEA84A-304D-4FC8-9110-3E771E4BEA45}.Release|Any CPU.Build.0 = Release|Any CPU
		{4D0BDFD2-58DA-46F9-8FF3-5DC2F37577DA}.Debug|Any CPU.ActiveCfg = Debug|Any CPU
		{4D0BDFD2-58DA-46F9-8FF3-5DC2F37577DA}.Debug|Any CPU.Build.0 = Debug|Any CPU
		{4D0BDFD2-58DA-46F9-8FF3-5DC2F37577DA}.Release|Any CPU.ActiveCfg = Release|Any CPU
		{4D0BDFD2-58DA-46F9-8FF3-5DC2F37577DA}.Release|Any CPU.Build.0 = Release|Any CPU
	EndGlobalSection
	GlobalSection(SolutionProperties) = preSolution
		HideSolutionNode = FALSE
	EndGlobalSection
EndGlobal
